Microsoft Visual Studio Solution File, Format Version 12.00
# Visual Studio Version 17
VisualStudioVersion = 17.5.2.0
MinimumVisualStudioVersion = 10.0.40219.1
Project("{FAE04EC0-301F-11D3-BF4B-00C04F79EFBC}") = "Auth.Service", "Auth.Service.csproj", "{34258332-0E9E-1208-95DC-E7802C5FA727}"
EndProject
Global
	GlobalSection(SolutionConfigurationPlatforms) = preSolution
		Debug|Any CPU = Debug|Any CPU
		Release|Any CPU = Release|Any CPU
	EndGlobalSection
	GlobalSection(ProjectConfigurationPlatforms) = postSolution
		{34258332-0E9E-1208-95DC-E7802C5FA727}.Debug|Any CPU.ActiveCfg = Debug|Any CPU
		{34258332-0E9E-1208-95DC-E7802C5FA727}.Debug|Any CPU.Build.0 = Debug|Any CPU
		{34258332-0E9E-1208-95DC-E7802C5FA727}.Release|Any CPU.ActiveCfg = Release|Any CPU
		{34258332-0E9E-1208-95DC-E7802C5FA727}.Release|Any CPU.Build.0 = Release|Any CPU
	EndGlobalSection
	GlobalSection(SolutionProperties) = preSolution
		HideSolutionNode = FALSE
	EndGlobalSection
	GlobalSection(ExtensibilityGlobals) = postSolution
		SolutionGuid = {F95B1A83-9DE0-4AE3-9192-6856786F3D4A}
	EndGlobalSection
EndGlobal
